{"filter":false,"title":"Gemfile.lock","tooltip":"/mooovi/Gemfile.lock","undoManager":{"mark":-1,"position":-1,"stack":[]},"ace":{"folds":[],"scrolltop":1500.5,"scrollleft":0,"selection":{"start":{"row":109,"column":4},"end":{"row":109,"column":13},"isBackwards":false},"options":{"guessTabSize":true,"useWrapMode":false,"wrapToView":true},"firstLineState":{"row":95,"state":"start","mode":"ace/mode/text"}},"timestamp":1538381358618,"hash":"64517467d42ffedd1e996fc8392f80dd025694a9"}