{"filter":false,"title":"Gemfile.lock","tooltip":"/pictweet/Gemfile.lock","undoManager":{"mark":-1,"position":-1,"stack":[]},"ace":{"folds":[],"scrolltop":0,"scrollleft":0,"selection":{"start":{"row":0,"column":0},"end":{"row":0,"column":0},"isBackwards":false},"options":{"guessTabSize":true,"useWrapMode":false,"wrapToView":true},"firstLineState":0},"timestamp":1532589493865,"hash":"f1fde0bc873dbda54a710b9bfb28c1d52595f158"}